
Microsoft Visual Studio Solution File, Format Version 12.00
# Visual Studio Version 17
VisualStudioVersion = 17.4.33205.214
MinimumVisualStudioVersion = 10.0.40219.1
Project("{9A19103F-16F7-4668-BE54-9A1E7A4F7556}") = "AnalysisMod", "AnalysisMod.csproj", "{B3337383-BAE1-437D-B07C-7ED6DBBE91F6}"
EndProject
Global
	GlobalSection(SolutionConfigurationPlatforms) = preSolution
		Debug|Any CPU = Debug|Any CPU
		Release|Any CPU = Release|Any CPU
	EndGlobalSection
	GlobalSection(ProjectConfigurationPlatforms) = postSolution
		{B3337383-BAE1-437D-B07C-7ED6DBBE91F6}.Debug|Any CPU.ActiveCfg = Debug|Any CPU
		{B3337383-BAE1-437D-B07C-7ED6DBBE91F6}.Debug|Any CPU.Build.0 = Debug|Any CPU
		{B3337383-BAE1-437D-B07C-7ED6DBBE91F6}.Release|Any CPU.ActiveCfg = Release|Any CPU
		{B3337383-BAE1-437D-B07C-7ED6DBBE91F6}.Release|Any CPU.Build.0 = Release|Any CPU
	EndGlobalSection
	GlobalSection(SolutionProperties) = preSolution
		HideSolutionNode = FALSE
	EndGlobalSection
	GlobalSection(ExtensibilityGlobals) = postSolution
		SolutionGuid = {FE56188B-6BF9-4D68-A11C-1F08199B60C3}
	EndGlobalSection
EndGlobal
